
Microsoft Visual Studio Solution File, Format Version 12.00
# Visual Studio Version 17
VisualStudioVersion = 17.7.34031.279
MinimumVisualStudioVersion = 10.0.40219.1
Project("{8BC9CEB8-8B4A-11D0-8D11-00A0C91BC942}") = "TinyRenderer", "TinyRenderer\TinyRenderer.vcxproj", "{45C4F562-CD00-4C8B-8DE4-E4A8B0EFB3E3}"
EndProject
Global
	GlobalSection(SolutionConfigurationPlatforms) = preSolution
		Debug|x64 = Debug|x64
		Debug|x86 = Debug|x86
		Release|x64 = Release|x64
		Release|x86 = Release|x86
	EndGlobalSection
	GlobalSection(ProjectConfigurationPlatforms) = postSolution
		{45C4F562-CD00-4C8B-8DE4-E4A8B0EFB3E3}.Debug|x64.ActiveCfg = Debug|x64
		{45C4F562-CD00-4C8B-8DE4-E4A8B0EFB3E3}.Debug|x64.Build.0 = Debug|x64
		{45C4F562-CD00-4C8B-8DE4-E4A8B0EFB3E3}.Debug|x86.ActiveCfg = Debug|Win32
		{45C4F562-CD00-4C8B-8DE4-E4A8B0EFB3E3}.Debug|x86.Build.0 = Debug|Win32
		{45C4F562-CD00-4C8B-8DE4-E4A8B0EFB3E3}.Release|x64.ActiveCfg = Release|x64
		{45C4F562-CD00-4C8B-8DE4-E4A8B0EFB3E3}.Release|x64.Build.0 = Release|x64
		{45C4F562-CD00-4C8B-8DE4-E4A8B0EFB3E3}.Release|x86.ActiveCfg = Release|Win32
		{45C4F562-CD00-4C8B-8DE4-E4A8B0EFB3E3}.Release|x86.Build.0 = Release|Win32
	EndGlobalSection
	GlobalSection(SolutionProperties) = preSolution
		HideSolutionNode = FALSE
	EndGlobalSection
	GlobalSection(ExtensibilityGlobals) = postSolution
		SolutionGuid = {B2A54B81-7CE1-4B9B-B2D5-7210B80330F1}
	EndGlobalSection
EndGlobal
